
Microsoft Visual Studio Solution File, Format Version 12.00
# Visual Studio 15
VisualStudioVersion = 15.0.28307.572
MinimumVisualStudioVersion = 10.0.40219.1
Project("{FAE04EC0-301F-11D3-BF4B-00C04F79EFBC}") = "BuyIt", "BuyIt\BuyIt.csproj", "{D84D9999-2684-41F2-B564-76129D021D56}"
EndProject
Global
	GlobalSection(SolutionConfigurationPlatforms) = preSolution
		Debug|Any CPU = Debug|Any CPU
		Release|Any CPU = Release|Any CPU
	EndGlobalSection
	GlobalSection(ProjectConfigurationPlatforms) = postSolution
		{D84D9999-2684-41F2-B564-76129D021D56}.Debug|Any CPU.ActiveCfg = Debug|Any CPU
		{D84D9999-2684-41F2-B564-76129D021D56}.Debug|Any CPU.Build.0 = Debug|Any CPU
		{D84D9999-2684-41F2-B564-76129D021D56}.Release|Any CPU.ActiveCfg = Release|Any CPU
		{D84D9999-2684-41F2-B564-76129D021D56}.Release|Any CPU.Build.0 = Release|Any CPU
	EndGlobalSection
	GlobalSection(SolutionProperties) = preSolution
		HideSolutionNode = FALSE
	EndGlobalSection
	GlobalSection(ExtensibilityGlobals) = postSolution
		SolutionGuid = {EB774F50-B148-4F60-A01F-6616E04C1798}
	EndGlobalSection
EndGlobal
